{
  "nodes": {
    "aquamarine": {
      "inputs": {
        "hyprutils": [
          "hypr-darkwindow",
          "hyprland",
          "hyprutils"
        ],
        "hyprwayland-scanner": [
          "hypr-darkwindow",
          "hyprland",
          "hyprwayland-scanner"
        ],
        "nixpkgs": [
          "hypr-darkwindow",
          "hyprland",
          "nixpkgs"
        ],
        "systems": [
          "hypr-darkwindow",
          "hyprland",
          "systems"
        ]
      },
      "locked": {
        "lastModified": 1770895474,
        "narHash": "sha256-JBcrq1Y0uw87VZdYsByVbv+GBuT6ECaCNb9txLX9UuU=",
        "owner": "hyprwm",
        "repo": "aquamarine",
        "rev": "a494d50d32b5567956b558437ceaa58a380712f7",
        "type": "github"
      },
      "original": {
        "owner": "hyprwm",
        "repo": "aquamarine",
        "type": "github"
      }
    },
    "base16": {
      "inputs": {
        "fromYaml": "fromYaml"
      },
      "locked": {
        "lastModified": 1755819240,
        "narHash": "sha256-qcMhnL7aGAuFuutH4rq9fvAhCpJWVHLcHVZLtPctPlo=",
        "owner": "SenchoPens",
        "repo": "base16.nix",
        "rev": "75ed5e5e3fce37df22e49125181fa37899c3ccd6",
        "type": "github"
      },
      "original": {
        "owner": "SenchoPens",
        "repo": "base16.nix",
        "type": "github"
      }
    },
    "base16-fish": {
      "flake": false,
      "locked": {
        "lastModified": 1765809053,
        "narHash": "sha256-XCUQLoLfBJ8saWms2HCIj4NEN+xNsWBlU1NrEPcQG4s=",
        "owner": "tomyun",
        "repo": "base16-fish",
        "rev": "86cbea4dca62e08fb7fd83a70e96472f92574782",
        "type": "github"
      },
      "original": {
        "owner": "tomyun",
        "repo": "base16-fish",
        "rev": "86cbea4dca62e08fb7fd83a70e96472f92574782",
        "type": "github"
      }
    },
    "base16-helix": {
      "flake": false,
      "locked": {
        "lastModified": 1760703920,
        "narHash": "sha256-m82fGUYns4uHd+ZTdoLX2vlHikzwzdu2s2rYM2bNwzw=",
        "owner": "tinted-theming",
        "repo": "base16-helix",
        "rev": "d646af9b7d14bff08824538164af99d0c521b185",
        "type": "github"
      },
      "original": {
        "owner": "tinted-theming",
        "repo": "base16-helix",
        "type": "github"
      }
    },
    "base16-vim": {
      "flake": false,
      "locked": {
        "lastModified": 1732806396,
        "narHash": "sha256-e0bpPySdJf0F68Ndanwm+KWHgQiZ0s7liLhvJSWDNsA=",
        "owner": "tinted-theming",
        "repo": "base16-vim",
        "rev": "577fe8125d74ff456cf942c733a85d769afe58b7",
        "type": "github"
      },
      "original": {
        "owner": "tinted-theming",
        "repo": "base16-vim",
        "rev": "577fe8125d74ff456cf942c733a85d769afe58b7",
        "type": "github"
      }
    },
    "betterfox": {
      "inputs": {
        "flake-parts": "flake-parts",
        "import-tree": "import-tree",
        "nixpkgs": [
          "nixpkgs"
        ],
        "systems": "systems"
      },
      "locked": {
        "lastModified": 1774983044,
        "narHash": "sha256-XfoC6wpoDN3CNVY8U6tqpPa0oiHoKpE9G9xYNfI1ZME=",
        "owner": "HeitorAugustoLN",
        "repo": "betterfox-nix",
        "rev": "a18e05401186690925d5c493240908852cdb43ea",
        "type": "github"
      },
      "original": {
        "owner": "HeitorAugustoLN",
        "repo": "betterfox-nix",
        "type": "github"
      }
    },
    "blueprint": {
      "inputs": {
        "nixpkgs": [
          "nixpkgs"
        ],
        "systems": "systems_2"
      },
      "locked": {
        "lastModified": 1776249299,
        "narHash": "sha256-Dt9t1TGRmJFc0xVYhttNBD6QsAgHOHCArqGa0AyjrJY=",
        "owner": "numtide",
        "repo": "blueprint",
        "rev": "56131e8628f173d24a27f6d27c0215eff57e40dd",
        "type": "github"
      },
      "original": {
        "owner": "numtide",
        "repo": "blueprint",
        "type": "github"
      }
    },
    "disko": {
      "inputs": {
        "nixpkgs": [
          "nixpkgs"
        ]
      },
      "locked": {
        "lastModified": 1768920986,
        "narHash": "sha256-CNzzBsRhq7gg4BMBuTDObiWDH/rFYHEuDRVOwCcwXw4=",
        "owner": "nix-community",
        "repo": "disko",
        "rev": "de5708739256238fb912c62f03988815db89ec9a",
        "type": "github"
      },
      "original": {
        "owner": "nix-community",
        "ref": "latest",
        "repo": "disko",
        "type": "github"
      }
    },
    "firefox-gnome-theme": {
      "flake": false,
      "locked": {
        "lastModified": 1775176642,
        "narHash": "sha256-2veEED0Fg7Fsh81tvVDNYR6SzjqQxa7hbi18Jv4LWpM=",
        "owner": "rafaelmardojai",
        "repo": "firefox-gnome-theme",
        "rev": "179704030c5286c729b5b0522037d1d51341022c",
        "type": "github"
      },
      "original": {
        "owner": "rafaelmardojai",
        "repo": "firefox-gnome-theme",
        "type": "github"
      }
    },
    "flake-compat": {
      "flake": false,
      "locked": {
        "lastModified": 1767039857,
        "narHash": "sha256-vNpUSpF5Nuw8xvDLj2KCwwksIbjua2LZCqhV1LNRDns=",
        "owner": "NixOS",
        "repo": "flake-compat",
        "rev": "5edf11c44bc78a0d334f6334cdaf7d60d732daab",
        "type": "github"
      },
      "original": {
        "owner": "NixOS",
        "repo": "flake-compat",
        "type": "github"
      }
    },
    "flake-compat_2": {
      "flake": false,
      "locked": {
        "lastModified": 1696426674,
        "narHash": "sha256-kvjfFW7WAETZlt09AgDn1MrtKzP7t90Vf7vypd3OL1U=",
        "owner": "edolstra",
        "repo": "flake-compat",
        "rev": "0f9255e01c2351cc7d116c072cb317785dd33b33",
        "type": "github"
      },
      "original": {
        "owner": "edolstra",
        "repo": "flake-compat",
        "type": "github"
      }
    },
    "flake-parts": {
      "inputs": {
        "nixpkgs-lib": [
          "betterfox",
          "nixpkgs"
        ]
      },
      "locked": {
        "lastModified": 1763759067,
        "narHash": "sha256-LlLt2Jo/gMNYAwOgdRQBrsRoOz7BPRkzvNaI/fzXi2Q=",
        "owner": "hercules-ci",
        "repo": "flake-parts",
        "rev": "2cccadc7357c0ba201788ae99c4dfa90728ef5e0",
        "type": "github"
      },
      "original": {
        "owner": "hercules-ci",
        "repo": "flake-parts",
        "type": "github"
      }
    },
    "flake-parts_2": {
      "inputs": {
        "nixpkgs-lib": [
          "nur",
          "nixpkgs"
        ]
      },
      "locked": {
        "lastModified": 1733312601,
        "narHash": "sha256-4pDvzqnegAfRkPwO3wmwBhVi/Sye1mzps0zHWYnP88c=",
        "owner": "hercules-ci",
        "repo": "flake-parts",
        "rev": "205b12d8b7cd4802fbcb8e8ef6a0f1408781a4f9",
        "type": "github"
      },
      "original": {
        "owner": "hercules-ci",
        "repo": "flake-parts",
        "type": "github"
      }
    },
    "flake-parts_3": {
      "inputs": {
        "nixpkgs-lib": [
          "stylix",
          "nixpkgs"
        ]
      },
      "locked": {
        "lastModified": 1775087534,
        "narHash": "sha256-91qqW8lhL7TLwgQWijoGBbiD4t7/q75KTi8NxjVmSmA=",
        "owner": "hercules-ci",
        "repo": "flake-parts",
        "rev": "3107b77cd68437b9a76194f0f7f9c55f2329ca5b",
        "type": "github"
      },
      "original": {
        "owner": "hercules-ci",
        "repo": "flake-parts",
        "type": "github"
      }
    },
    "flake-utils": {
      "inputs": {
        "systems": "systems_4"
      },
      "locked": {
        "lastModified": 1731533236,
        "narHash": "sha256-l0KFg5HjrsfsO/JpG+r7fRrqm12kzFHyUHqHCVpMMbI=",
        "owner": "numtide",
        "repo": "flake-utils",
        "rev": "11707dc2f618dd54ca8739b309ec4fc024de578b",
        "type": "github"
      },
      "original": {
        "owner": "numtide",
        "repo": "flake-utils",
        "type": "github"
      }
    },
    "fromYaml": {
      "flake": false,
      "locked": {
        "lastModified": 1731966426,
        "narHash": "sha256-lq95WydhbUTWig/JpqiB7oViTcHFP8Lv41IGtayokA8=",
        "owner": "SenchoPens",
        "repo": "fromYaml",
        "rev": "106af9e2f715e2d828df706c386a685698f3223b",
        "type": "github"
      },
      "original": {
        "owner": "SenchoPens",
        "repo": "fromYaml",
        "type": "github"
      }
    },
    "gitignore": {
      "inputs": {
        "nixpkgs": [
          "hypr-darkwindow",
          "hyprland",
          "pre-commit-hooks",
          "nixpkgs"
        ]
      },
      "locked": {
        "lastModified": 1709087332,
        "narHash": "sha256-HG2cCnktfHsKV0s4XW83gU3F57gaTljL9KNSuG6bnQs=",
        "owner": "hercules-ci",
        "repo": "gitignore.nix",
        "rev": "637db329424fd7e46cf4185293b9cc8c88c95394",
        "type": "github"
      },
      "original": {
        "owner": "hercules-ci",
        "repo": "gitignore.nix",
        "type": "github"
      }
    },
    "gnome-shell": {
      "flake": false,
      "locked": {
        "lastModified": 1767737596,
        "narHash": "sha256-eFujfIUQDgWnSJBablOuG+32hCai192yRdrNHTv0a+s=",
        "owner": "GNOME",
        "repo": "gnome-shell",
        "rev": "ef02db02bf0ff342734d525b5767814770d85b49",
        "type": "github"
      },
      "original": {
        "owner": "GNOME",
        "repo": "gnome-shell",
        "rev": "ef02db02bf0ff342734d525b5767814770d85b49",
        "type": "github"
      }
    },
    "home-manager": {
      "inputs": {
        "nixpkgs": [
          "nixpkgs"
        ]
      },
      "locked": {
        "lastModified": 1776046499,
        "narHash": "sha256-Wzc4nn07/0RL21ypPHRzNDQZcjhIC8LaYo7QJQjM5T4=",
        "owner": "nix-community",
        "repo": "home-manager",
        "rev": "287f84846c1eb3b72c986f5f6bebcff0bd67440d",
        "type": "github"
      },
      "original": {
        "owner": "nix-community",
        "repo": "home-manager",
        "type": "github"
      }
    },
    "home-manager_2": {
      "inputs": {
        "nixpkgs": [
          "impermanence",
          "nixpkgs"
        ]
      },
      "locked": {
        "lastModified": 1768598210,
        "narHash": "sha256-kkgA32s/f4jaa4UG+2f8C225Qvclxnqs76mf8zvTVPg=",
        "owner": "nix-community",
        "repo": "home-manager",
        "rev": "c47b2cc64a629f8e075de52e4742de688f930dc6",
        "type": "github"
      },
      "original": {
        "owner": "nix-community",
        "repo": "home-manager",
        "type": "github"
      }
    },
    "hypr-darkwindow": {
      "inputs": {
        "hyprland": "hyprland",
        "nix-filter": "nix-filter"
      },
      "locked": {
        "lastModified": 1774790854,
        "narHash": "sha256-Vbk5I0qN++N6R8FpV31/I4vpBISMbKj/PBfFkUP4/Nk=",
        "owner": "micha4w",
        "repo": "Hypr-DarkWindow",
        "rev": "13ef2d8f0c6beac07150a0d559f92eaa7108b5f6",
        "type": "github"
      },
      "original": {
        "owner": "micha4w",
        "repo": "Hypr-DarkWindow",
        "type": "github"
      }
    },
    "hyprcursor": {
      "inputs": {
        "hyprlang": [
          "hypr-darkwindow",
          "hyprland",
          "hyprlang"
        ],
        "nixpkgs": [
          "hypr-darkwindow",
          "hyprland",
          "nixpkgs"
        ],
        "systems": [
          "hypr-darkwindow",
          "hyprland",
          "systems"
        ]
      },
      "locked": {
        "lastModified": 1753964049,
        "narHash": "sha256-lIqabfBY7z/OANxHoPeIrDJrFyYy9jAM4GQLzZ2feCM=",
        "owner": "hyprwm",
        "repo": "hyprcursor",
        "rev": "44e91d467bdad8dcf8bbd2ac7cf49972540980a5",
        "type": "github"
      },
      "original": {
        "owner": "hyprwm",
        "repo": "hyprcursor",
        "type": "github"
      }
    },
    "hyprgraphics": {
      "inputs": {
        "hyprutils": [
          "hypr-darkwindow",
          "hyprland",
          "hyprutils"
        ],
        "nixpkgs": [
          "hypr-darkwindow",
          "hyprland",
          "nixpkgs"
        ],
        "systems": [
          "hypr-darkwindow",
          "hyprland",
          "systems"
        ]
      },
      "locked": {
        "lastModified": 1770511807,
        "narHash": "sha256-suKmSbSk34uPOJDTg/GbPrKEJutzK08vj0VoTvAFBCA=",
        "owner": "hyprwm",
        "repo": "hyprgraphics",
        "rev": "7c75487edd43a71b61adb01cae8326d277aab683",
        "type": "github"
      },
      "original": {
        "owner": "hyprwm",
        "repo": "hyprgraphics",
        "type": "github"
      }
    },
    "hyprland": {
      "inputs": {
        "aquamarine": "aquamarine",
        "hyprcursor": "hyprcursor",
        "hyprgraphics": "hyprgraphics",
        "hyprland-guiutils": "hyprland-guiutils",
        "hyprland-protocols": "hyprland-protocols",
        "hyprlang": "hyprlang",
        "hyprutils": "hyprutils",
        "hyprwayland-scanner": "hyprwayland-scanner",
        "hyprwire": "hyprwire",
        "nixpkgs": "nixpkgs",
        "pre-commit-hooks": "pre-commit-hooks",
        "systems": "systems_3",
        "xdph": "xdph"
      },
      "locked": {
        "lastModified": 1771249510,
        "narHash": "sha256-Iql2BwsfrHiyDmZfc/9Cp6oa2569/WrJqhqWWg3EY50=",
        "owner": "hyprwm",
        "repo": "Hyprland",
        "rev": "661314e13487784c94b3c9fd69b469764eb6ef7b",
        "type": "github"
      },
      "original": {
        "owner": "hyprwm",
        "repo": "Hyprland",
        "type": "github"
      }
    },
    "hyprland-guiutils": {
      "inputs": {
        "aquamarine": [
          "hypr-darkwindow",
          "hyprland",
          "aquamarine"
        ],
        "hyprgraphics": [
          "hypr-darkwindow",
          "hyprland",
          "hyprgraphics"
        ],
        "hyprlang": [
          "hypr-darkwindow",
          "hyprland",
          "hyprlang"
        ],
        "hyprtoolkit": "hyprtoolkit",
        "hyprutils": [
          "hypr-darkwindow",
          "hyprland",
          "hyprutils"
        ],
        "hyprwayland-scanner": [
          "hypr-darkwindow",
          "hyprland",
          "hyprwayland-scanner"
        ],
        "nixpkgs": [
          "hypr-darkwindow",
          "hyprland",
          "nixpkgs"
        ],
        "systems": [
          "hypr-darkwindow",
          "hyprland",
          "systems"
        ]
      },
      "locked": {
        "lastModified": 1767023960,
        "narHash": "sha256-R2HgtVS1G3KSIKAQ77aOZ+Q0HituOmPgXW9nBNkpp3Q=",
        "owner": "hyprwm",
        "repo": "hyprland-guiutils",
        "rev": "c2e906261142f5dd1ee0bfc44abba23e2754c660",
        "type": "github"
      },
      "original": {
        "owner": "hyprwm",
        "repo": "hyprland-guiutils",
        "type": "github"
      }
    },
    "hyprland-protocols": {
      "inputs": {
        "nixpkgs": [
          "hypr-darkwindow",
          "hyprland",
          "nixpkgs"
        ],
        "systems": [
          "hypr-darkwindow",
          "hyprland",
          "systems"
        ]
      },
      "locked": {
        "lastModified": 1765214753,
        "narHash": "sha256-P9zdGXOzToJJgu5sVjv7oeOGPIIwrd9hAUAP3PsmBBs=",
        "owner": "hyprwm",
        "repo": "hyprland-protocols",
        "rev": "3f3860b869014c00e8b9e0528c7b4ddc335c21ab",
        "type": "github"
      },
      "original": {
        "owner": "hyprwm",
        "repo": "hyprland-protocols",
        "type": "github"
      }
    },
    "hyprlang": {
      "inputs": {
        "hyprutils": [
          "hypr-darkwindow",
          "hyprland",
          "hyprutils"
        ],
        "nixpkgs": [
          "hypr-darkwindow",
          "hyprland",
          "nixpkgs"
        ],
        "systems": [
          "hypr-darkwindow",
          "hyprland",
          "systems"
        ]
      },
      "locked": {
        "lastModified": 1767983607,
        "narHash": "sha256-8C2co8NYfR4oMOUEsPROOJ9JHrv9/ktbJJ6X1WsTbXc=",
        "owner": "hyprwm",
        "repo": "hyprlang",
        "rev": "d4037379e6057246b408bbcf796cf3e9838af5b2",
        "type": "github"
      },
      "original": {
        "owner": "hyprwm",
        "repo": "hyprlang",
        "type": "github"
      }
    },
    "hyprtoolkit": {
      "inputs": {
        "aquamarine": [
          "hypr-darkwindow",
          "hyprland",
          "hyprland-guiutils",
          "aquamarine"
        ],
        "hyprgraphics": [
          "hypr-darkwindow",
          "hyprland",
          "hyprland-guiutils",
          "hyprgraphics"
        ],
        "hyprlang": [
          "hypr-darkwindow",
          "hyprland",
          "hyprland-guiutils",
          "hyprlang"
        ],
        "hyprutils": [
          "hypr-darkwindow",
          "hyprland",
          "hyprland-guiutils",
          "hyprutils"
        ],
        "hyprwayland-scanner": [
          "hypr-darkwindow",
          "hyprland",
          "hyprland-guiutils",
          "hyprwayland-scanner"
        ],
        "nixpkgs": [
          "hypr-darkwindow",
          "hyprland",
          "hyprland-guiutils",
          "nixpkgs"
        ],
        "systems": [
          "hypr-darkwindow",
          "hyprland",
          "hyprland-guiutils",
          "systems"
        ]
      },
      "locked": {
        "lastModified": 1764592794,
        "narHash": "sha256-7CcO+wbTJ1L1NBQHierHzheQGPWwkIQug/w+fhTAVuU=",
        "owner": "hyprwm",
        "repo": "hyprtoolkit",
        "rev": "5cfe0743f0e608e1462972303778d8a0859ee63e",
        "type": "github"
      },
      "original": {
        "owner": "hyprwm",
        "repo": "hyprtoolkit",
        "type": "github"
      }
    },
    "hyprutils": {
      "inputs": {
        "nixpkgs": [
          "hypr-darkwindow",
          "hyprland",
          "nixpkgs"
        ],
        "systems": [
          "hypr-darkwindow",
          "hyprland",
          "systems"
        ]
      },
      "locked": {
        "lastModified": 1770139857,
        "narHash": "sha256-bCqxcXjavgz5KBJ/1CBLqnagMMf9JvU1m9HmYVASKoc=",
        "owner": "hyprwm",
        "repo": "hyprutils",
        "rev": "9038eec033843c289b06b83557a381a2648d8fa5",
        "type": "github"
      },
      "original": {
        "owner": "hyprwm",
        "repo": "hyprutils",
        "type": "github"
      }
    },
    "hyprwayland-scanner": {
      "inputs": {
        "nixpkgs": [
          "hypr-darkwindow",
          "hyprland",
          "nixpkgs"
        ],
        "systems": [
          "hypr-darkwindow",
          "hyprland",
          "systems"
        ]
      },
      "locked": {
        "lastModified": 1770501770,
        "narHash": "sha256-NWRM6+YxTRv+bT9yvlhhJ2iLae1B1pNH3mAL5wi2rlQ=",
        "owner": "hyprwm",
        "repo": "hyprwayland-scanner",
        "rev": "0bd8b6cde9ec27d48aad9e5b4deefb3746909d40",
        "type": "github"
      },
      "original": {
        "owner": "hyprwm",
        "repo": "hyprwayland-scanner",
        "type": "github"
      }
    },
    "hyprwire": {
      "inputs": {
        "hyprutils": [
          "hypr-darkwindow",
          "hyprland",
          "hyprutils"
        ],
        "nixpkgs": [
          "hypr-darkwindow",
          "hyprland",
          "nixpkgs"
        ],
        "systems": [
          "hypr-darkwindow",
          "hyprland",
          "systems"
        ]
      },
      "locked": {
        "lastModified": 1770203293,
        "narHash": "sha256-PR/KER+yiHabFC/h1Wjb+9fR2Uy0lWM3Qld7jPVaWkk=",
        "owner": "hyprwm",
        "repo": "hyprwire",
        "rev": "37bc90eed02b0c8b5a77a0b00867baf3005cfb98",
        "type": "github"
      },
      "original": {
        "owner": "hyprwm",
        "repo": "hyprwire",
        "type": "github"
      }
    },
    "impermanence": {
      "inputs": {
        "home-manager": "home-manager_2",
        "nixpkgs": "nixpkgs_2"
      },
      "locked": {
        "lastModified": 1769548169,
        "narHash": "sha256-03+JxvzmfwRu+5JafM0DLbxgHttOQZkUtDWBmeUkN8Y=",
        "owner": "nix-community",
        "repo": "impermanence",
        "rev": "7b1d382faf603b6d264f58627330f9faa5cba149",
        "type": "github"
      },
      "original": {
        "owner": "nix-community",
        "repo": "impermanence",
        "type": "github"
      }
    },
    "import-tree": {
      "locked": {
        "lastModified": 1763762820,
        "narHash": "sha256-ZvYKbFib3AEwiNMLsejb/CWs/OL/srFQ8AogkebEPF0=",
        "owner": "vic",
        "repo": "import-tree",
        "rev": "3c23749d8013ec6daa1d7255057590e9ca726646",
        "type": "github"
      },
      "original": {
        "owner": "vic",
        "repo": "import-tree",
        "type": "github"
      }
    },
    "niri": {
      "inputs": {
        "niri-stable": "niri-stable",
        "niri-unstable": "niri-unstable",
        "nixpkgs": [
          "nixpkgs"
        ],
        "nixpkgs-stable": "nixpkgs-stable",
        "xwayland-satellite-stable": "xwayland-satellite-stable",
        "xwayland-satellite-unstable": "xwayland-satellite-unstable"
      },
      "locked": {
        "lastModified": 1775877135,
        "narHash": "sha256-nAqtUMy22olwyiOJB0CASVrbu5XB5+43GjlbIJ1KuvQ=",
        "owner": "sodiboo",
        "repo": "niri-flake",
        "rev": "f943da038fd668d435c2d17916577f295faa8839",
        "type": "github"
      },
      "original": {
        "owner": "sodiboo",
        "repo": "niri-flake",
        "type": "github"
      }
    },
    "niri-stable": {
      "flake": false,
      "locked": {
        "lastModified": 1756556321,
        "narHash": "sha256-RLD89dfjN0RVO86C/Mot0T7aduCygPGaYbog566F0Qo=",
        "owner": "YaLTeR",
        "repo": "niri",
        "rev": "01be0e65f4eb91a9cd624ac0b76aaeab765c7294",
        "type": "github"
      },
      "original": {
        "owner": "YaLTeR",
        "ref": "v25.08",
        "repo": "niri",
        "type": "github"
      }
    },
    "niri-system76-scheduler": {
      "inputs": {
        "nixpkgs": [
          "nixpkgs"
        ]
      },
      "locked": {
        "lastModified": 1769878625,
        "narHash": "sha256-cOLzS70XjXcxPi4vkTjbvSBOZ5o+CmzkLXX/AgtJMRQ=",
        "owner": "Kirottu",
        "repo": "system76-scheduler-niri",
        "rev": "9fe30d78748bd8f655c3f8ec8b3ce8cd25577182",
        "type": "github"
      },
      "original": {
        "owner": "Kirottu",
        "repo": "system76-scheduler-niri",
        "type": "github"
      }
    },
    "niri-unstable": {
      "flake": false,
      "locked": {
        "lastModified": 1775561155,
        "narHash": "sha256-TK2IrqQivRcwqJa0suZMbcsN17CtA8Uu0v7CDnLATb0=",
        "owner": "YaLTeR",
        "repo": "niri",
        "rev": "599db847f857b8a7ff78ce02f15acab5d5d9fee1",
        "type": "github"
      },
      "original": {
        "owner": "YaLTeR",
        "repo": "niri",
        "type": "github"
      }
    },
    "nix-darwin": {
      "inputs": {
        "nixpkgs": [
          "nixpkgs"
        ]
      },
      "locked": {
        "lastModified": 1775037210,
        "narHash": "sha256-KM2WYj6EA7M/FVZVCl3rqWY+TFV5QzSyyGE2gQxeODU=",
        "owner": "LnL7",
        "repo": "nix-darwin",
        "rev": "06648f4902343228ce2de79f291dd5a58ee12146",
        "type": "github"
      },
      "original": {
        "owner": "LnL7",
        "repo": "nix-darwin",
        "type": "github"
      }
    },
    "nix-filter": {
      "locked": {
        "lastModified": 1757882181,
        "narHash": "sha256-+cCxYIh2UNalTz364p+QYmWHs0P+6wDhiWR4jDIKQIU=",
        "owner": "numtide",
        "repo": "nix-filter",
        "rev": "59c44d1909c72441144b93cf0f054be7fe764de5",
        "type": "github"
      },
      "original": {
        "owner": "numtide",
        "repo": "nix-filter",
        "type": "github"
      }
    },
    "nix-flatpak": {
      "locked": {
        "lastModified": 1767983141,
        "narHash": "sha256-7ZCulYUD9RmJIDULTRkGLSW1faMpDlPKcbWJLYHoXcs=",
        "owner": "gmodena",
        "repo": "nix-flatpak",
        "rev": "440818969ac2cbd77bfe025e884d0aa528991374",
        "type": "github"
      },
      "original": {
        "owner": "gmodena",
        "ref": "latest",
        "repo": "nix-flatpak",
        "type": "github"
      }
    },
    "nix-index-database": {
      "inputs": {
        "nixpkgs": [
          "nixpkgs"
        ]
      },
      "locked": {
        "lastModified": 1775970782,
        "narHash": "sha256-7jt9Vpm48Yy5yAWigYpde+HxtYEpEuyzIQJF4VYehhk=",
        "owner": "nix-community",
        "repo": "nix-index-database",
        "rev": "bedba5989b04614fc598af9633033b95a937933f",
        "type": "github"
      },
      "original": {
        "owner": "nix-community",
        "repo": "nix-index-database",
        "type": "github"
      }
    },
    "nixGL": {
      "inputs": {
        "flake-utils": "flake-utils",
        "nixpkgs": [
          "nixpkgs"
        ]
      },
      "locked": {
        "lastModified": 1762090880,
        "narHash": "sha256-fbRQzIGPkjZa83MowjbD2ALaJf9y6KMDdJBQMKFeY/8=",
        "owner": "nix-community",
        "repo": "nixGL",
        "rev": "b6105297e6f0cd041670c3e8628394d4ee247ed5",
        "type": "github"
      },
      "original": {
        "owner": "nix-community",
        "repo": "nixGL",
        "type": "github"
      }
    },
    "nixlib": {
      "locked": {
        "lastModified": 1736643958,
        "narHash": "sha256-tmpqTSWVRJVhpvfSN9KXBvKEXplrwKnSZNAoNPf/S/s=",
        "owner": "nix-community",
        "repo": "nixpkgs.lib",
        "rev": "1418bc28a52126761c02dd3d89b2d8ca0f521181",
        "type": "github"
      },
      "original": {
        "owner": "nix-community",
        "repo": "nixpkgs.lib",
        "type": "github"
      }
    },
    "nixos-generators": {
      "inputs": {
        "nixlib": "nixlib",
        "nixpkgs": [
          "nixpkgs"
        ]
      },
      "locked": {
        "lastModified": 1769813415,
        "narHash": "sha256-nnVmNNKBi1YiBNPhKclNYDORoHkuKipoz7EtVnXO50A=",
        "owner": "nix-community",
        "repo": "nixos-generators",
        "rev": "8946737ff703382fda7623b9fab071d037e897d5",
        "type": "github"
      },
      "original": {
        "owner": "nix-community",
        "repo": "nixos-generators",
        "type": "github"
      }
    },
    "nixos-hardware": {
      "locked": {
        "lastModified": 1775490113,
        "narHash": "sha256-2ZBhDNZZwYkRmefK5XLOusCJHnoeKkoN95hoSGgMxWM=",
        "owner": "NixOS",
        "repo": "nixos-hardware",
        "rev": "c775c2772ba56e906cbeb4e0b2db19079ef11ff7",
        "type": "github"
      },
      "original": {
        "owner": "NixOS",
        "ref": "master",
        "repo": "nixos-hardware",
        "type": "github"
      }
    },
    "nixpkgs": {
      "locked": {
        "lastModified": 1770841267,
        "narHash": "sha256-9xejG0KoqsoKEGp2kVbXRlEYtFFcDTHjidiuX8hGO44=",
        "owner": "NixOS",
        "repo": "nixpkgs",
        "rev": "ec7c70d12ce2fc37cb92aff673dcdca89d187bae",
        "type": "github"
      },
      "original": {
        "owner": "NixOS",
        "ref": "nixos-unstable",
        "repo": "nixpkgs",
        "type": "github"
      }
    },
    "nixpkgs-stable": {
      "locked": {
        "lastModified": 1775811116,
        "narHash": "sha256-t+HZK42pB6N+i5RGbuy7Xluez/VvWbembBdvzsc23Ss=",
        "owner": "NixOS",
        "repo": "nixpkgs",
        "rev": "54170c54449ea4d6725efd30d719c5e505f1c10e",
        "type": "github"
      },
      "original": {
        "owner": "NixOS",
        "ref": "nixos-25.11",
        "repo": "nixpkgs",
        "type": "github"
      }
    },
    "nixpkgs_2": {
      "locked": {
        "lastModified": 1768564909,
        "narHash": "sha256-Kell/SpJYVkHWMvnhqJz/8DqQg2b6PguxVWOuadbHCc=",
        "owner": "nixos",
        "repo": "nixpkgs",
        "rev": "e4bae1bd10c9c57b2cf517953ab70060a828ee6f",
        "type": "github"
      },
      "original": {
        "owner": "nixos",
        "ref": "nixos-unstable",
        "repo": "nixpkgs",
        "type": "github"
      }
    },
    "nixpkgs_3": {
      "locked": {
        "lastModified": 1775710090,
        "narHash": "sha256-ar3rofg+awPB8QXDaFJhJ2jJhu+KqN/PRCXeyuXR76E=",
        "owner": "NixOS",
        "repo": "nixpkgs",
        "rev": "4c1018dae018162ec878d42fec712642d214fdfa",
        "type": "github"
      },
      "original": {
        "owner": "NixOS",
        "ref": "nixos-unstable",
        "repo": "nixpkgs",
        "type": "github"
      }
    },
    "nixpkgs_4": {
      "locked": {
        "lastModified": 1719082008,
        "narHash": "sha256-jHJSUH619zBQ6WdC21fFAlDxHErKVDJ5fpN0Hgx4sjs=",
        "owner": "NixOS",
        "repo": "nixpkgs",
        "rev": "9693852a2070b398ee123a329e68f0dab5526681",
        "type": "github"
      },
      "original": {
        "owner": "NixOS",
        "ref": "nixos-unstable-small",
        "repo": "nixpkgs",
        "type": "github"
      }
    },
    "noctalia": {
      "inputs": {
        "nixpkgs": [
          "nixpkgs"
        ],
        "noctalia-qs": "noctalia-qs"
      },
      "locked": {
        "lastModified": 1776043445,
        "narHash": "sha256-ie3vFwg0eZTTHBDCRm+ee/PecbtdPn/pyL6hlotAfeQ=",
        "owner": "noctalia-dev",
        "repo": "noctalia-shell",
        "rev": "e56a9db57ed61ea248f109edd60965faf56d3da2",
        "type": "github"
      },
      "original": {
        "owner": "noctalia-dev",
        "repo": "noctalia-shell",
        "type": "github"
      }
    },
    "noctalia-qs": {
      "inputs": {
        "nixpkgs": [
          "noctalia",
          "nixpkgs"
        ],
        "systems": "systems_5",
        "treefmt-nix": "treefmt-nix"
      },
      "locked": {
        "lastModified": 1775957204,
        "narHash": "sha256-d4CVRtAty2GzDYXx4xYQmR+nlOjjKovyprQfZhgLckU=",
        "owner": "noctalia-dev",
        "repo": "noctalia-qs",
        "rev": "68e82fe34c68ee839a9c37e3466820e266af0c86",
        "type": "github"
      },
      "original": {
        "owner": "noctalia-dev",
        "repo": "noctalia-qs",
        "type": "github"
      }
    },
    "nur": {
      "inputs": {
        "flake-parts": "flake-parts_2",
        "nixpkgs": [
          "nixpkgs"
        ]
      },
      "locked": {
        "lastModified": 1776106782,
        "narHash": "sha256-rpQwBi6Ko5ImcLdHl3CCrH99SSKkUJcIsLSsySsVxno=",
        "owner": "nix-community",
        "repo": "NUR",
        "rev": "60d488ac87d576f5b9630ddaaf731d4dc2f14a34",
        "type": "github"
      },
      "original": {
        "owner": "nix-community",
        "repo": "NUR",
        "type": "github"
      }
    },
    "nur_2": {
      "inputs": {
        "flake-parts": [
          "stylix",
          "flake-parts"
        ],
        "nixpkgs": [
          "stylix",
          "nixpkgs"
        ]
      },
      "locked": {
        "lastModified": 1775228139,
        "narHash": "sha256-ebbeHmg+V7w8050bwQOuhmQHoLOEOfqKzM1KgCTexK4=",
        "owner": "nix-community",
        "repo": "NUR",
        "rev": "601971b9c89e0304561977f2c28fa25e73aa7132",
        "type": "github"
      },
      "original": {
        "owner": "nix-community",
        "repo": "NUR",
        "type": "github"
      }
    },
    "pre-commit-hooks": {
      "inputs": {
        "flake-compat": "flake-compat",
        "gitignore": "gitignore",
        "nixpkgs": [
          "hypr-darkwindow",
          "hyprland",
          "nixpkgs"
        ]
      },
      "locked": {
        "lastModified": 1770726378,
        "narHash": "sha256-kck+vIbGOaM/dHea7aTBxdFYpeUl/jHOy5W3eyRvVx8=",
        "owner": "cachix",
        "repo": "git-hooks.nix",
        "rev": "5eaaedde414f6eb1aea8b8525c466dc37bba95ae",
        "type": "github"
      },
      "original": {
        "owner": "cachix",
        "repo": "git-hooks.nix",
        "type": "github"
      }
    },
    "programsdb": {
      "inputs": {
        "nixpkgs": [
          "nixpkgs"
        ],
        "utils": "utils"
      },
      "locked": {
        "lastModified": 1776036678,
        "narHash": "sha256-kR38V/ikzlDwDZQksVA8+0yTWz56ksk2fRrBMrXm13g=",
        "owner": "wamserma",
        "repo": "flake-programs-sqlite",
        "rev": "44f55a07589f6c83f1b3b28f1b5f7f4d6abd3d3c",
        "type": "github"
      },
      "original": {
        "owner": "wamserma",
        "repo": "flake-programs-sqlite",
        "type": "github"
      }
    },
    "pyprland": {
      "inputs": {
        "flake-compat": "flake-compat_2",
        "nixpkgs": "nixpkgs_4",
        "pyproject-nix": "pyproject-nix",
        "systems": "systems_7"
      },
      "locked": {
        "lastModified": 1775237509,
        "narHash": "sha256-0GGQGinYruLW35guO2iwV9oXYUL5JN82nlHScqXpwtg=",
        "owner": "hyprland-community",
        "repo": "pyprland",
        "rev": "c5e15d52405e3ec1128100577dd07ba1c5e1ef3d",
        "type": "github"
      },
      "original": {
        "owner": "hyprland-community",
        "repo": "pyprland",
        "type": "github"
      }
    },
    "pyproject-nix": {
      "inputs": {
        "nixpkgs": [
          "pyprland",
          "nixpkgs"
        ]
      },
      "locked": {
        "lastModified": 1764134915,
        "narHash": "sha256-xaKvtPx6YAnA3HQVp5LwyYG1MaN4LLehpQI8xEdBvBY=",
        "owner": "nix-community",
        "repo": "pyproject.nix",
        "rev": "2c8df1383b32e5443c921f61224b198a2282a657",
        "type": "github"
      },
      "original": {
        "owner": "nix-community",
        "repo": "pyproject.nix",
        "type": "github"
      }
    },
    "root": {
      "inputs": {
        "betterfox": "betterfox",
        "blueprint": "blueprint",
        "disko": "disko",
        "home-manager": "home-manager",
        "hypr-darkwindow": "hypr-darkwindow",
        "impermanence": "impermanence",
        "niri": "niri",
        "niri-system76-scheduler": "niri-system76-scheduler",
        "nix-darwin": "nix-darwin",
        "nix-flatpak": "nix-flatpak",
        "nix-index-database": "nix-index-database",
        "nixGL": "nixGL",
        "nixos-generators": "nixos-generators",
        "nixos-hardware": "nixos-hardware",
        "nixpkgs": "nixpkgs_3",
        "noctalia": "noctalia",
        "nur": "nur",
        "programsdb": "programsdb",
        "pyprland": "pyprland",
        "stylix": "stylix"
      }
    },
    "stylix": {
      "inputs": {
        "base16": "base16",
        "base16-fish": "base16-fish",
        "base16-helix": "base16-helix",
        "base16-vim": "base16-vim",
        "firefox-gnome-theme": "firefox-gnome-theme",
        "flake-parts": "flake-parts_3",
        "gnome-shell": "gnome-shell",
        "nixpkgs": [
          "nixpkgs"
        ],
        "nur": "nur_2",
        "systems": "systems_8",
        "tinted-kitty": "tinted-kitty",
        "tinted-schemes": "tinted-schemes",
        "tinted-tmux": "tinted-tmux",
        "tinted-zed": "tinted-zed"
      },
      "locked": {
        "lastModified": 1775936757,
        "narHash": "sha256-KJO/7qoxJ+hlsb3WlFSl6IGrExBIf1GvKdrhOlnGdKY=",
        "owner": "danth",
        "repo": "stylix",
        "rev": "d3e447786b74d62c75f665e17cb3e681c66e90c7",
        "type": "github"
      },
      "original": {
        "owner": "danth",
        "repo": "stylix",
        "type": "github"
      }
    },
    "systems": {
      "locked": {
        "lastModified": 1681028828,
        "narHash": "sha256-Vy1rq5AaRuLzOxct8nz4T6wlgyUR7zLU309k9mBC768=",
        "owner": "nix-systems",
        "repo": "default",
        "rev": "da67096a3b9bf56a91d16901293e51ba5b49a27e",
        "type": "github"
      },
      "original": {
        "owner": "nix-systems",
        "repo": "default",
        "type": "github"
      }
    },
    "systems_2": {
      "locked": {
        "lastModified": 1681028828,
        "narHash": "sha256-Vy1rq5AaRuLzOxct8nz4T6wlgyUR7zLU309k9mBC768=",
        "owner": "nix-systems",
        "repo": "default",
        "rev": "da67096a3b9bf56a91d16901293e51ba5b49a27e",
        "type": "github"
      },
      "original": {
        "owner": "nix-systems",
        "repo": "default",
        "type": "github"
      }
    },
    "systems_3": {
      "locked": {
        "lastModified": 1689347949,
        "narHash": "sha256-12tWmuL2zgBgZkdoB6qXZsgJEH9LR3oUgpaQq2RbI80=",
        "owner": "nix-systems",
        "repo": "default-linux",
        "rev": "31732fcf5e8fea42e59c2488ad31a0e651500f68",
        "type": "github"
      },
      "original": {
        "owner": "nix-systems",
        "repo": "default-linux",
        "type": "github"
      }
    },
    "systems_4": {
      "locked": {
        "lastModified": 1681028828,
        "narHash": "sha256-Vy1rq5AaRuLzOxct8nz4T6wlgyUR7zLU309k9mBC768=",
        "owner": "nix-systems",
        "repo": "default",
        "rev": "da67096a3b9bf56a91d16901293e51ba5b49a27e",
        "type": "github"
      },
      "original": {
        "owner": "nix-systems",
        "repo": "default",
        "type": "github"
      }
    },
    "systems_5": {
      "locked": {
        "lastModified": 1689347949,
        "narHash": "sha256-12tWmuL2zgBgZkdoB6qXZsgJEH9LR3oUgpaQq2RbI80=",
        "owner": "nix-systems",
        "repo": "default-linux",
        "rev": "31732fcf5e8fea42e59c2488ad31a0e651500f68",
        "type": "github"
      },
      "original": {
        "owner": "nix-systems",
        "repo": "default-linux",
        "type": "github"
      }
    },
    "systems_6": {
      "locked": {
        "lastModified": 1681028828,
        "narHash": "sha256-Vy1rq5AaRuLzOxct8nz4T6wlgyUR7zLU309k9mBC768=",
        "owner": "nix-systems",
        "repo": "default",
        "rev": "da67096a3b9bf56a91d16901293e51ba5b49a27e",
        "type": "github"
      },
      "original": {
        "owner": "nix-systems",
        "repo": "default",
        "type": "github"
      }
    },
    "systems_7": {
      "locked": {
        "lastModified": 1689347949,
        "narHash": "sha256-12tWmuL2zgBgZkdoB6qXZsgJEH9LR3oUgpaQq2RbI80=",
        "owner": "nix-systems",
        "repo": "default-linux",
        "rev": "31732fcf5e8fea42e59c2488ad31a0e651500f68",
        "type": "github"
      },
      "original": {
        "owner": "nix-systems",
        "repo": "default-linux",
        "type": "github"
      }
    },
    "systems_8": {
      "locked": {
        "lastModified": 1681028828,
        "narHash": "sha256-Vy1rq5AaRuLzOxct8nz4T6wlgyUR7zLU309k9mBC768=",
        "owner": "nix-systems",
        "repo": "default",
        "rev": "da67096a3b9bf56a91d16901293e51ba5b49a27e",
        "type": "github"
      },
      "original": {
        "owner": "nix-systems",
        "repo": "default",
        "type": "github"
      }
    },
    "tinted-kitty": {
      "flake": false,
      "locked": {
        "lastModified": 1735730497,
        "narHash": "sha256-4KtB+FiUzIeK/4aHCKce3V9HwRvYaxX+F1edUrfgzb8=",
        "owner": "tinted-theming",
        "repo": "tinted-kitty",
        "rev": "de6f888497f2c6b2279361bfc790f164bfd0f3fa",
        "type": "github"
      },
      "original": {
        "owner": "tinted-theming",
        "repo": "tinted-kitty",
        "type": "github"
      }
    },
    "tinted-schemes": {
      "flake": false,
      "locked": {
        "lastModified": 1772661346,
        "narHash": "sha256-4eu3LqB9tPqe0Vaqxd4wkZiBbthLbpb7llcoE/p5HT0=",
        "owner": "tinted-theming",
        "repo": "schemes",
        "rev": "13b5b0c299982bb361039601e2d72587d6846294",
        "type": "github"
      },
      "original": {
        "owner": "tinted-theming",
        "repo": "schemes",
        "type": "github"
      }
    },
    "tinted-tmux": {
      "flake": false,
      "locked": {
        "lastModified": 1772934010,
        "narHash": "sha256-x+6+4UvaG+RBRQ6UaX+o6DjEg28u4eqhVRM9kpgJGjQ=",
        "owner": "tinted-theming",
        "repo": "tinted-tmux",
        "rev": "c3529673a5ab6e1b6830f618c45d9ce1bcdd829d",
        "type": "github"
      },
      "original": {
        "owner": "tinted-theming",
        "repo": "tinted-tmux",
        "type": "github"
      }
    },
    "tinted-zed": {
      "flake": false,
      "locked": {
        "lastModified": 1772909925,
        "narHash": "sha256-jx/5+pgYR0noHa3hk2esin18VMbnPSvWPL5bBjfTIAU=",
        "owner": "tinted-theming",
        "repo": "base16-zed",
        "rev": "b4d3a1b3bcbd090937ef609a0a3b37237af974df",
        "type": "github"
      },
      "original": {
        "owner": "tinted-theming",
        "repo": "base16-zed",
        "type": "github"
      }
    },
    "treefmt-nix": {
      "inputs": {
        "nixpkgs": [
          "noctalia",
          "noctalia-qs",
          "nixpkgs"
        ]
      },
      "locked": {
        "lastModified": 1775636079,
        "narHash": "sha256-pc20NRoMdiar8oPQceQT47UUZMBTiMdUuWrYu2obUP0=",
        "owner": "numtide",
        "repo": "treefmt-nix",
        "rev": "790751ff7fd3801feeaf96d7dc416a8d581265ba",
        "type": "github"
      },
      "original": {
        "owner": "numtide",
        "repo": "treefmt-nix",
        "type": "github"
      }
    },
    "utils": {
      "inputs": {
        "systems": "systems_6"
      },
      "locked": {
        "lastModified": 1731533236,
        "narHash": "sha256-l0KFg5HjrsfsO/JpG+r7fRrqm12kzFHyUHqHCVpMMbI=",
        "owner": "numtide",
        "repo": "flake-utils",
        "rev": "11707dc2f618dd54ca8739b309ec4fc024de578b",
        "type": "github"
      },
      "original": {
        "owner": "numtide",
        "repo": "flake-utils",
        "type": "github"
      }
    },
    "xdph": {
      "inputs": {
        "hyprland-protocols": [
          "hypr-darkwindow",
          "hyprland",
          "hyprland-protocols"
        ],
        "hyprlang": [
          "hypr-darkwindow",
          "hyprland",
          "hyprlang"
        ],
        "hyprutils": [
          "hypr-darkwindow",
          "hyprland",
          "hyprutils"
        ],
        "hyprwayland-scanner": [
          "hypr-darkwindow",
          "hyprland",
          "hyprwayland-scanner"
        ],
        "nixpkgs": [
          "hypr-darkwindow",
          "hyprland",
          "nixpkgs"
        ],
        "systems": [
          "hypr-darkwindow",
          "hyprland",
          "systems"
        ]
      },
      "locked": {
        "lastModified": 1761431178,
        "narHash": "sha256-xzjC1CV3+wpUQKNF+GnadnkeGUCJX+vgaWIZsnz9tzI=",
        "owner": "hyprwm",
        "repo": "xdg-desktop-portal-hyprland",
        "rev": "4b8801228ff958d028f588f0c2b911dbf32297f9",
        "type": "github"
      },
      "original": {
        "owner": "hyprwm",
        "repo": "xdg-desktop-portal-hyprland",
        "type": "github"
      }
    },
    "xwayland-satellite-stable": {
      "flake": false,
      "locked": {
        "lastModified": 1755491097,
        "narHash": "sha256-m+9tUfsmBeF2Gn4HWa6vSITZ4Gz1eA1F5Kh62B0N4oE=",
        "owner": "Supreeeme",
        "repo": "xwayland-satellite",
        "rev": "388d291e82ffbc73be18169d39470f340707edaa",
        "type": "github"
      },
      "original": {
        "owner": "Supreeeme",
        "ref": "v0.7",
        "repo": "xwayland-satellite",
        "type": "github"
      }
    },
    "xwayland-satellite-unstable": {
      "flake": false,
      "locked": {
        "lastModified": 1773622265,
        "narHash": "sha256-wToKwH7IgWdGLMSIWksEDs4eumR6UbbsuPQ42r0oTXQ=",
        "owner": "Supreeeme",
        "repo": "xwayland-satellite",
        "rev": "a879e5e0896a326adc79c474bf457b8b99011027",
        "type": "github"
      },
      "original": {
        "owner": "Supreeeme",
        "repo": "xwayland-satellite",
        "type": "github"
      }
    }
  },
  "root": "root",
  "version": 7
}
